// !$*UTF8*$!
{
	archiveVersion = 1;
	classes = {
	};
	objectVersion = 46;
	objects = {

/* Begin PBXBuildFile section */
		7C0BDF1B16BBE9BC00B60E81 /* wolfs.png in Resources */ = {isa = PBXBuildFile; fileRef = 7C0BDF1A16BBE9BC00B60E81 /* wolfs.png */; };
		7C0BDF1E16BBEE3400B60E81 /* GameObject.m in Sources */ = {isa = PBXBuildFile; fileRef = 7C0BDF1D16BBEE3400B60E81 /* GameObject.m */; };
		7C0BDF2416BC264200B60E81 /* GameWolf.m in Sources */ = {isa = PBXBuildFile; fileRef = 7C0BDF2316BC264200B60E81 /* GameWolf.m */; };
		7C2280F216BD3BB4004C6FA0 /* GamePig.m in Sources */ = {isa = PBXBuildFile; fileRef = 7C2280F116BD3BB4004C6FA0 /* GamePig.m */; };
		7C2280F616BD3E4D004C6FA0 /* GameStraw.m in Sources */ = {isa = PBXBuildFile; fileRef = 7C2280F516BD3E4D004C6FA0 /* GameStraw.m */; };
		7C35B78D16BAA6FF00ADD901 /* ViewController+Extension.m in Sources */ = {isa = PBXBuildFile; fileRef = 7C35B78C16BAA6FF00ADD901 /* ViewController+Extension.m */; };
		7C672DE016B93E8E00E8D301 /* pig.png in Resources */ = {isa = PBXBuildFile; fileRef = 7C672DDF16B93E8E00E8D301 /* pig.png */; };
		7C672DE316B93EC300E8D301 /* straw.png in Resources */ = {isa = PBXBuildFile; fileRef = 7C672DE216B93EC300E8D301 /* straw.png */; };
		7C672DE916B940F200E8D301 /* wolf.png in Resources */ = {isa = PBXBuildFile; fileRef = 7C672DE816B940F200E8D301 /* wolf.png */; };
		7CDDD7A416B01DAE0025C8EA /* UIKit.framework in Frameworks */ = {isa = PBXBuildFile; fileRef = 7CDDD7A316B01DAE0025C8EA /* UIKit.framework */; };
		7CDDD7A616B01DAE0025C8EA /* Foundation.framework in Frameworks */ = {isa = PBXBuildFile; fileRef = 7CDDD7A516B01DAE0025C8EA /* Foundation.framework */; };
		7CDDD7A816B01DAE0025C8EA /* CoreGraphics.framework in Frameworks */ = {isa = PBXBuildFile; fileRef = 7CDDD7A716B01DAE0025C8EA /* CoreGraphics.framework */; };
		7CDDD7AE16B01DAE0025C8EA /* InfoPlist.strings in Resources */ = {isa = PBXBuildFile; fileRef = 7CDDD7AC16B01DAE0025C8EA /* InfoPlist.strings */; };
		7CDDD7B016B01DAE0025C8EA /* main.m in Sources */ = {isa = PBXBuildFile; fileRef = 7CDDD7AF16B01DAE0025C8EA /* main.m */; };
		7CDDD7B416B01DAE0025C8EA /* AppDelegate.m in Sources */ = {isa = PBXBuildFile; fileRef = 7CDDD7B316B01DAE0025C8EA /* AppDelegate.m */; };
		7CDDD7B616B01DAE0025C8EA /* Default.png in Resources */ = {isa = PBXBuildFile; fileRef = 7CDDD7B516B01DAE0025C8EA /* Default.png */; };
		7CDDD7B816B01DAE0025C8EA /* Default@2x.png in Resources */ = {isa = PBXBuildFile; fileRef = 7CDDD7B716B01DAE0025C8EA /* Default@2x.png */; };
		7CDDD7BA16B01DAE0025C8EA /* Default-568h@2x.png in Resources */ = {isa = PBXBuildFile; fileRef = 7CDDD7B916B01DAE0025C8EA /* Default-568h@2x.png */; };
		7CDDD7BD16B01DAE0025C8EA /* MainStoryboard.storyboard in Resources */ = {isa = PBXBuildFile; fileRef = 7CDDD7BB16B01DAE0025C8EA /* MainStoryboard.storyboard */; };
		7CDDD7C016B01DAE0025C8EA /* ViewController.m in Sources */ = {isa = PBXBuildFile; fileRef = 7CDDD7BF16B01DAE0025C8EA /* ViewController.m */; };
		7CDDD7C816B01F250025C8EA /* background.png in Resources */ = {isa = PBXBuildFile; fileRef = 7CDDD7C616B01F250025C8EA /* background.png */; };
		7CDDD7C916B01F250025C8EA /* ground.png in Resources */ = {isa = PBXBuildFile; fileRef = 7CDDD7C716B01F250025C8EA /* ground.png */; };
		7CE2631716B6983E00821EB1 /* button.jpg in Resources */ = {isa = PBXBuildFile; fileRef = 7CE2631616B6983D00821EB1 /* button.jpg */; };
/* End PBXBuildFile section */

/* Begin PBXFileReference section */
		7C0BDF1A16BBE9BC00B60E81 /* wolfs.png */ = {isa = PBXFileReference; lastKnownFileType = image.png; path = wolfs.png; sourceTree = "<group>"; };
		7C0BDF1D16BBEE3400B60E81 /* GameObject.m */ = {isa = PBXFileReference; fileEncoding = 4; lastKnownFileType = sourcecode.c.objc; path = GameObject.m; sourceTree = "<group>"; };
		7C0BDF2216BC264200B60E81 /* GameWolf.h */ = {isa = PBXFileReference; fileEncoding = 4; lastKnownFileType = sourcecode.c.h; path = GameWolf.h; sourceTree = SOURCE_ROOT; };
		7C0BDF2316BC264200B60E81 /* GameWolf.m */ = {isa = PBXFileReference; fileEncoding = 4; lastKnownFileType = sourcecode.c.objc; path = GameWolf.m; sourceTree = SOURCE_ROOT; };
		7C2280F016BD3BB4004C6FA0 /* GamePig.h */ = {isa = PBXFileReference; fileEncoding = 4; lastKnownFileType = sourcecode.c.h; path = GamePig.h; sourceTree = "<group>"; };
		7C2280F116BD3BB4004C6FA0 /* GamePig.m */ = {isa = PBXFileReference; fileEncoding = 4; lastKnownFileType = sourcecode.c.objc; path = GamePig.m; sourceTree = "<group>"; };
		7C2280F416BD3E4D004C6FA0 /* GameStraw.h */ = {isa = PBXFileReference; fileEncoding = 4; lastKnownFileType = sourcecode.c.h; path = GameStraw.h; sourceTree = "<group>"; };
		7C2280F516BD3E4D004C6FA0 /* GameStraw.m */ = {isa = PBXFileReference; fileEncoding = 4; lastKnownFileType = sourcecode.c.objc; path = GameStraw.m; sourceTree = "<group>"; };
		7C35B78B16BAA6FF00ADD901 /* ViewController+Extension.h */ = {isa = PBXFileReference; fileEncoding = 4; lastKnownFileType = sourcecode.c.h; path = "ViewController+Extension.h"; sourceTree = "<group>"; };
		7C35B78C16BAA6FF00ADD901 /* ViewController+Extension.m */ = {isa = PBXFileReference; fileEncoding = 4; lastKnownFileType = sourcecode.c.objc; path = "ViewController+Extension.m"; sourceTree = "<group>"; };
		7C672DDF16B93E8E00E8D301 /* pig.png */ = {isa = PBXFileReference; lastKnownFileType = image.png; path = pig.png; sourceTree = "<group>"; };
		7C672DE216B93EC300E8D301 /* straw.png */ = {isa = PBXFileReference; lastKnownFileType = image.png; path = straw.png; sourceTree = "<group>"; };
		7C672DE816B940F200E8D301 /* wolf.png */ = {isa = PBXFileReference; lastKnownFileType = image.png; path = wolf.png; sourceTree = "<group>"; };
		7CDDD79F16B01DAE0025C8EA /* Game.app */ = {isa = PBXFileReference; explicitFileType = wrapper.application; includeInIndex = 0; path = Game.app; sourceTree = BUILT_PRODUCTS_DIR; };
		7CDDD7A316B01DAE0025C8EA /* UIKit.framework */ = {isa = PBXFileReference; lastKnownFileType = wrapper.framework; name = UIKit.framework; path = System/Library/Frameworks/UIKit.framework; sourceTree = SDKROOT; };
		7CDDD7A516B01DAE0025C8EA /* Foundation.framework */ = {isa = PBXFileReference; lastKnownFileType = wrapper.framework; name = Foundation.framework; path = System/Library/Frameworks/Foundation.framework; sourceTree = SDKROOT; };
		7CDDD7A716B01DAE0025C8EA /* CoreGraphics.framework */ = {isa = PBXFileReference; lastKnownFileType = wrapper.framework; name = CoreGraphics.framework; path = System/Library/Frameworks/CoreGraphics.framework; sourceTree = SDKROOT; };
		7CDDD7AB16B01DAE0025C8EA /* Game-Info.plist */ = {isa = PBXFileReference; lastKnownFileType = text.plist.xml; path = "Game-Info.plist"; sourceTree = "<group>"; };
		7CDDD7AD16B01DAE0025C8EA /* en */ = {isa = PBXFileReference; lastKnownFileType = text.plist.strings; name = en; path = en.lproj/InfoPlist.strings; sourceTree = "<group>"; };
		7CDDD7AF16B01DAE0025C8EA /* main.m */ = {isa = PBXFileReference; lastKnownFileType = sourcecode.c.objc; path = main.m; sourceTree = "<group>"; };
		7CDDD7B116B01DAE0025C8EA /* Game-Prefix.pch */ = {isa = PBXFileReference; lastKnownFileType = sourcecode.c.h; path = "Game-Prefix.pch"; sourceTree = "<group>"; };
		7CDDD7B216B01DAE0025C8EA /* AppDelegate.h */ = {isa = PBXFileReference; lastKnownFileType = sourcecode.c.h; path = AppDelegate.h; sourceTree = "<group>"; };
		7CDDD7B316B01DAE0025C8EA /* AppDelegate.m */ = {isa = PBXFileReference; lastKnownFileType = sourcecode.c.objc; path = AppDelegate.m; sourceTree = "<group>"; };
		7CDDD7B516B01DAE0025C8EA /* Default.png */ = {isa = PBXFileReference; lastKnownFileType = image.png; path = Default.png; sourceTree = "<group>"; };
		7CDDD7B716B01DAE0025C8EA /* Default@2x.png */ = {isa = PBXFileReference; lastKnownFileType = image.png; path = "Default@2x.png"; sourceTree = "<group>"; };
		7CDDD7B916B01DAE0025C8EA /* Default-568h@2x.png */ = {isa = PBXFileReference; lastKnownFileType = image.png; path = "Default-568h@2x.png"; sourceTree = "<group>"; };
		7CDDD7BC16B01DAE0025C8EA /* en */ = {isa = PBXFileReference; lastKnownFileType = file.storyboard; name = en; path = en.lproj/MainStoryboard.storyboard; sourceTree = "<group>"; };
		7CDDD7BE16B01DAE0025C8EA /* ViewController.h */ = {isa = PBXFileReference; lastKnownFileType = sourcecode.c.h; path = ViewController.h; sourceTree = "<group>"; };
		7CDDD7BF16B01DAE0025C8EA /* ViewController.m */ = {isa = PBXFileReference; lastKnownFileType = sourcecode.c.objc; path = ViewController.m; sourceTree = "<group>"; };
		7CDDD7C616B01F250025C8EA /* background.png */ = {isa = PBXFileReference; lastKnownFileType = image.png; path = background.png; sourceTree = "<group>"; };
		7CDDD7C716B01F250025C8EA /* ground.png */ = {isa = PBXFileReference; lastKnownFileType = image.png; path = ground.png; sourceTree = "<group>"; };
		7CE2631616B6983D00821EB1 /* button.jpg */ = {isa = PBXFileReference; lastKnownFileType = image.jpeg; path = button.jpg; sourceTree = "<group>"; };
		7CF19E1F16B9513E009A42A1 /* GameObject.h */ = {isa = PBXFileReference; fileEncoding = 4; lastKnownFileType = sourcecode.c.h; path = GameObject.h; sourceTree = "<group>"; };
/* End PBXFileReference section */

/* Begin PBXFrameworksBuildPhase section */
		7CDDD79C16B01DAE0025C8EA /* Frameworks */ = {
			isa = PBXFrameworksBuildPhase;
			buildActionMask = 2147483647;
			files = (
				7CDDD7A416B01DAE0025C8EA /* UIKit.framework in Frameworks */,
				7CDDD7A616B01DAE0025C8EA /* Foundation.framework in Frameworks */,
				7CDDD7A816B01DAE0025C8EA /* CoreGraphics.framework in Frameworks */,
			);
			runOnlyForDeploymentPostprocessing = 0;
		};
/* End PBXFrameworksBuildPhase section */

/* Begin PBXGroup section */
		7C35B78E16BAA83100ADD901 /* pics */ = {
			isa = PBXGroup;
			children = (
				7C0BDF1A16BBE9BC00B60E81 /* wolfs.png */,
				7C672DE816B940F200E8D301 /* wolf.png */,
				7C672DE216B93EC300E8D301 /* straw.png */,
				7C672DDF16B93E8E00E8D301 /* pig.png */,
				7CE2631616B6983D00821EB1 /* button.jpg */,
				7CDDD7C616B01F250025C8EA /* background.png */,
				7CDDD7C716B01F250025C8EA /* ground.png */,
			);
			name = pics;
			sourceTree = "<group>";
		};
		7CDDD79416B01DAD0025C8EA = {
			isa = PBXGroup;
			children = (
				7CDDD7A916B01DAE0025C8EA /* Game */,
				7CDDD7A216B01DAE0025C8EA /* Frameworks */,
				7CDDD7A016B01DAE0025C8EA /* Products */,
			);
			sourceTree = "<group>";
		};
		7CDDD7A016B01DAE0025C8EA /* Products */ = {
			isa = PBXGroup;
			children = (
				7CDDD79F16B01DAE0025C8EA /* Game.app */,
			);
			name = Products;
			sourceTree = "<group>";
		};
		7CDDD7A216B01DAE0025C8EA /* Frameworks */ = {
			isa = PBXGroup;
			children = (
				7CDDD7A316B01DAE0025C8EA /* UIKit.framework */,
				7CDDD7A516B01DAE0025C8EA /* Foundation.framework */,
				7CDDD7A716B01DAE0025C8EA /* CoreGraphics.framework */,
			);
			name = Frameworks;
			sourceTree = "<group>";
		};
		7CDDD7A916B01DAE0025C8EA /* Game */ = {
			isa = PBXGroup;
			children = (
				7C35B78E16BAA83100ADD901 /* pics */,
				7C35B78B16BAA6FF00ADD901 /* ViewController+Extension.h */,
				7C35B78C16BAA6FF00ADD901 /* ViewController+Extension.m */,
				7CF19E1F16B9513E009A42A1 /* GameObject.h */,
				7C0BDF1D16BBEE3400B60E81 /* GameObject.m */,
				7C0BDF2216BC264200B60E81 /* GameWolf.h */,
				7C0BDF2316BC264200B60E81 /* GameWolf.m */,
				7C2280F016BD3BB4004C6FA0 /* GamePig.h */,
				7C2280F116BD3BB4004C6FA0 /* GamePig.m */,
				7C2280F416BD3E4D004C6FA0 /* GameStraw.h */,
				7C2280F516BD3E4D004C6FA0 /* GameStraw.m */,
				7CDDD7B216B01DAE0025C8EA /* AppDelegate.h */,
				7CDDD7B316B01DAE0025C8EA /* AppDelegate.m */,
				7CDDD7BB16B01DAE0025C8EA /* MainStoryboard.storyboard */,
				7CDDD7BE16B01DAE0025C8EA /* ViewController.h */,
				7CDDD7BF16B01DAE0025C8EA /* ViewController.m */,
				7CDDD7AA16B01DAE0025C8EA /* Supporting Files */,
			);
			path = Game;
			sourceTree = "<group>";
		};
		7CDDD7AA16B01DAE0025C8EA /* Supporting Files */ = {
			isa = PBXGroup;
			children = (
				7CDDD7AB16B01DAE0025C8EA /* Game-Info.plist */,
				7CDDD7AC16B01DAE0025C8EA /* InfoPlist.strings */,
				7CDDD7AF16B01DAE0025C8EA /* main.m */,
				7CDDD7B116B01DAE0025C8EA /* Game-Prefix.pch */,
				7CDDD7B516B01DAE0025C8EA /* Default.png */,
				7CDDD7B716B01DAE0025C8EA /* Default@2x.png */,
				7CDDD7B916B01DAE0025C8EA /* Default-568h@2x.png */,
			);
			name = "Supporting Files";
			sourceTree = "<group>";
		};
/* End PBXGroup section */

/* Begin PBXNativeTarget section */
		7CDDD79E16B01DAE0025C8EA /* Game */ = {
			isa = PBXNativeTarget;
			buildConfigurationList = 7CDDD7C316B01DAE0025C8EA /* Build configuration list for PBXNativeTarget "Game" */;
			buildPhases = (
				7CDDD79B16B01DAE0025C8EA /* Sources */,
				7CDDD79C16B01DAE0025C8EA /* Frameworks */,
				7CDDD79D16B01DAE0025C8EA /* Resources */,
			);
			buildRules = (
			);
			dependencies = (
			);
			name = Game;
			productName = Game;
			productReference = 7CDDD79F16B01DAE0025C8EA /* Game.app */;
			productType = "com.apple.product-type.application";
		};
/* End PBXNativeTarget section */

/* Begin PBXProject section */
		7CDDD79616B01DAD0025C8EA /* Project object */ = {
			isa = PBXProject;
			attributes = {
				LastUpgradeCheck = 0450;
				ORGANIZATIONNAME = nus.cs3217;
			};
			buildConfigurationList = 7CDDD79916B01DAD0025C8EA /* Build configuration list for PBXProject "Game" */;
			compatibilityVersion = "Xcode 3.2";
			developmentRegion = English;
			hasScannedForEncodings = 0;
			knownRegions = (
				en,
			);
			mainGroup = 7CDDD79416B01DAD0025C8EA;
			productRefGroup = 7CDDD7A016B01DAE0025C8EA /* Products */;
			projectDirPath = "";
			projectRoot = "";
			targets = (
				7CDDD79E16B01DAE0025C8EA /* Game */,
			);
		};
/* End PBXProject section */

/* Begin PBXResourcesBuildPhase section */
		7CDDD79D16B01DAE0025C8EA /* Resources */ = {
			isa = PBXResourcesBuildPhase;
			buildActionMask = 2147483647;
			files = (
				7CDDD7AE16B01DAE0025C8EA /* InfoPlist.strings in Resources */,
				7CDDD7B616B01DAE0025C8EA /* Default.png in Resources */,
				7CDDD7B816B01DAE0025C8EA /* Default@2x.png in Resources */,
				7CDDD7BA16B01DAE0025C8EA /* Default-568h@2x.png in Resources */,
				7CDDD7BD16B01DAE0025C8EA /* MainStoryboard.storyboard in Resources */,
				7CDDD7C816B01F250025C8EA /* background.png in Resources */,
				7CDDD7C916B01F250025C8EA /* ground.png in Resources */,
				7CE2631716B6983E00821EB1 /* button.jpg in Resources */,
				7C672DE016B93E8E00E8D301 /* pig.png in Resources */,
				7C672DE316B93EC300E8D301 /* straw.png in Resources */,
				7C672DE916B940F200E8D301 /* wolf.png in Resources */,
				7C0BDF1B16BBE9BC00B60E81 /* wolfs.png in Resources */,
			);
			runOnlyForDeploymentPostprocessing = 0;
		};
/* End PBXResourcesBuildPhase section */

/* Begin PBXSourcesBuildPhase section */
		7CDDD79B16B01DAE0025C8EA /* Sources */ = {
			isa = PBXSourcesBuildPhase;
			buildActionMask = 2147483647;
			files = (
				7CDDD7B016B01DAE0025C8EA /* main.m in Sources */,
				7CDDD7B416B01DAE0025C8EA /* AppDelegate.m in Sources */,
				7CDDD7C016B01DAE0025C8EA /* ViewController.m in Sources */,
				7C35B78D16BAA6FF00ADD901 /* ViewController+Extension.m in Sources */,
				7C0BDF1E16BBEE3400B60E81 /* GameObject.m in Sources */,
				7C0BDF2416BC264200B60E81 /* GameWolf.m in Sources */,
				7C2280F216BD3BB4004C6FA0 /* GamePig.m in Sources */,
				7C2280F616BD3E4D004C6FA0 /* GameStraw.m in Sources */,
			);
			runOnlyForDeploymentPostprocessing = 0;
		};
/* End PBXSourcesBuildPhase section */

/* Begin PBXVariantGroup section */
		7CDDD7AC16B01DAE0025C8EA /* InfoPlist.strings */ = {
			isa = PBXVariantGroup;
			children = (
				7CDDD7AD16B01DAE0025C8EA /* en */,
			);
			name = InfoPlist.strings;
			sourceTree = "<group>";
		};
		7CDDD7BB16B01DAE0025C8EA /* MainStoryboard.storyboard */ = {
			isa = PBXVariantGroup;
			children = (
				7CDDD7BC16B01DAE0025C8EA /* en */,
			);
			name = MainStoryboard.storyboard;
			sourceTree = "<group>";
		};
/* End PBXVariantGroup section */

/* Begin XCBuildConfiguration section */
		7CDDD7C116B01DAE0025C8EA /* Debug */ = {
			isa = XCBuildConfiguration;
			buildSettings = {
				ALWAYS_SEARCH_USER_PATHS = NO;
				CLANG_CXX_LANGUAGE_STANDARD = "gnu++0x";
				CLANG_CXX_LIBRARY = "libc++";
				CLANG_ENABLE_OBJC_ARC = YES;
				CLANG_WARN_EMPTY_BODY = YES;
				CLANG_WARN__DUPLICATE_METHOD_MATCH = YES;
				"CODE_SIGN_IDENTITY[sdk=iphoneos*]" = "iPhone Developer";
				COPY_PHASE_STRIP = NO;
				GCC_C_LANGUAGE_STANDARD = gnu99;
				GCC_DYNAMIC_NO_PIC = NO;
				GCC_OPTIMIZATION_LEVEL = 0;
				GCC_PREPROCESSOR_DEFINITIONS = (
					"DEBUG=1",
					"$(inherited)",
				);
				GCC_SYMBOLS_PRIVATE_EXTERN = NO;
				GCC_WARN_ABOUT_RETURN_TYPE = YES;
				GCC_WARN_UNINITIALIZED_AUTOS = YES;
				GCC_WARN_UNUSED_VARIABLE = YES;
				IPHONEOS_DEPLOYMENT_TARGET = 6.0;
				ONLY_ACTIVE_ARCH = YES;
				SDKROOT = iphoneos;
				TARGETED_DEVICE_FAMILY = 2;
			};
			name = Debug;
		};
		7CDDD7C216B01DAE0025C8EA /* Release */ = {
			isa = XCBuildConfiguration;
			buildSettings = {
				ALWAYS_SEARCH_USER_PATHS = NO;
				CLANG_CXX_LANGUAGE_STANDARD = "gnu++0x";
				CLANG_CXX_LIBRARY = "libc++";
				CLANG_ENABLE_OBJC_ARC = YES;
				CLANG_WARN_EMPTY_BODY = YES;
				CLANG_WARN__DUPLICATE_METHOD_MATCH = YES;
				"CODE_SIGN_IDENTITY[sdk=iphoneos*]" = "iPhone Developer";
				COPY_PHASE_STRIP = YES;
				GCC_C_LANGUAGE_STANDARD = gnu99;
				GCC_WARN_ABOUT_RETURN_TYPE = YES;
				GCC_WARN_UNINITIALIZED_AUTOS = YES;
				GCC_WARN_UNUSED_VARIABLE = YES;
				IPHONEOS_DEPLOYMENT_TARGET = 6.0;
				OTHER_CFLAGS = "-DNS_BLOCK_ASSERTIONS=1";
				SDKROOT = iphoneos;
				TARGETED_DEVICE_FAMILY = 2;
				VALIDATE_PRODUCT = YES;
			};
			name = Release;
		};
		7CDDD7C416B01DAE0025C8EA /* Debug */ = {
			isa = XCBuildConfiguration;
			buildSettings = {
				GCC_PRECOMPILE_PREFIX_HEADER = YES;
				GCC_PREFIX_HEADER = "Game/Game-Prefix.pch";
				INFOPLIST_FILE = "Game/Game-Info.plist";
				IPHONEOS_DEPLOYMENT_TARGET = 5.1;
				PRODUCT_NAME = "$(TARGET_NAME)";
				TARGETED_DEVICE_FAMILY = 2;
				WRAPPER_EXTENSION = app;
			};
			name = Debug;
		};
		7CDDD7C516B01DAE0025C8EA /* Release */ = {
			isa = XCBuildConfiguration;
			buildSettings = {
				GCC_PRECOMPILE_PREFIX_HEADER = YES;
				GCC_PREFIX_HEADER = "Game/Game-Prefix.pch";
				INFOPLIST_FILE = "Game/Game-Info.plist";
				IPHONEOS_DEPLOYMENT_TARGET = 5.1;
				PRODUCT_NAME = "$(TARGET_NAME)";
				TARGETED_DEVICE_FAMILY = 2;
				WRAPPER_EXTENSION = app;
			};
			name = Release;
		};
/* End XCBuildConfiguration section */

/* Begin XCConfigurationList section */
		7CDDD79916B01DAD0025C8EA /* Build configuration list for PBXProject "Game" */ = {
			isa = XCConfigurationList;
			buildConfigurations = (
				7CDDD7C116B01DAE0025C8EA /* Debug */,
				7CDDD7C216B01DAE0025C8EA /* Release */,
			);
			defaultConfigurationIsVisible = 0;
			defaultConfigurationName = Release;
		};
		7CDDD7C316B01DAE0025C8EA /* Build configuration list for PBXNativeTarget "Game" */ = {
			isa = XCConfigurationList;
			buildConfigurations = (
				7CDDD7C416B01DAE0025C8EA /* Debug */,
				7CDDD7C516B01DAE0025C8EA /* Release */,
			);
			defaultConfigurationIsVisible = 0;
			defaultConfigurationName = Release;
		};
/* End XCConfigurationList section */
	};
	rootObject = 7CDDD79616B01DAD0025C8EA /* Project object */;
}
