// !$*UTF8*$!
{
	archiveVersion = 1;
	classes = {
	};
	objectVersion = 46;
	objects = {

/* Begin PBXBuildFile section */
		7C0B95CA16AC50A600BF8D91 /* Foundation.framework in Frameworks */ = {isa = PBXBuildFile; fileRef = 7C0B95C916AC50A600BF8D91 /* Foundation.framework */; };
		7C0B95D116AC50A600BF8D91 /* Overlaps.1 in CopyFiles */ = {isa = PBXBuildFile; fileRef = 7C0B95D016AC50A600BF8D91 /* Overlaps.1 */; };
		7C0B95E016AC50B600BF8D91 /* PERectangle.m in Sources */ = {isa = PBXBuildFile; fileRef = 7C0B95DC16AC50B600BF8D91 /* PERectangle.m */; };
		7C0B95E116AC50B600BF8D91 /* Overlaps.m in Sources */ = {isa = PBXBuildFile; fileRef = 7C0B95DE16AC50B600BF8D91 /* Overlaps.m */; };
/* End PBXBuildFile section */

/* Begin PBXCopyFilesBuildPhase section */
		7C0B95C316AC50A600BF8D91 /* CopyFiles */ = {
			isa = PBXCopyFilesBuildPhase;
			buildActionMask = 2147483647;
			dstPath = /usr/share/man/man1/;
			dstSubfolderSpec = 0;
			files = (
				7C0B95D116AC50A600BF8D91 /* Overlaps.1 in CopyFiles */,
			);
			runOnlyForDeploymentPostprocessing = 1;
		};
/* End PBXCopyFilesBuildPhase section */

/* Begin PBXFileReference section */
		7C0B95C516AC50A600BF8D91 /* Overlaps */ = {isa = PBXFileReference; explicitFileType = "compiled.mach-o.executable"; includeInIndex = 0; path = Overlaps; sourceTree = BUILT_PRODUCTS_DIR; };
		7C0B95C916AC50A600BF8D91 /* Foundation.framework */ = {isa = PBXFileReference; lastKnownFileType = wrapper.framework; name = Foundation.framework; path = System/Library/Frameworks/Foundation.framework; sourceTree = SDKROOT; };
		7C0B95CF16AC50A600BF8D91 /* Overlaps-Prefix.pch */ = {isa = PBXFileReference; lastKnownFileType = sourcecode.c.h; path = "Overlaps-Prefix.pch"; sourceTree = "<group>"; };
		7C0B95D016AC50A600BF8D91 /* Overlaps.1 */ = {isa = PBXFileReference; lastKnownFileType = text.man; path = Overlaps.1; sourceTree = "<group>"; };
		7C0B95DC16AC50B600BF8D91 /* PERectangle.m */ = {isa = PBXFileReference; fileEncoding = 4; lastKnownFileType = sourcecode.c.objc; path = PERectangle.m; sourceTree = "<group>"; };
		7C0B95DD16AC50B600BF8D91 /* PEShape.h */ = {isa = PBXFileReference; fileEncoding = 4; lastKnownFileType = sourcecode.c.h; path = PEShape.h; sourceTree = "<group>"; };
		7C0B95DE16AC50B600BF8D91 /* Overlaps.m */ = {isa = PBXFileReference; fileEncoding = 4; lastKnownFileType = sourcecode.c.objc; path = Overlaps.m; sourceTree = "<group>"; };
		7C0B95DF16AC50B600BF8D91 /* PERectangle.h */ = {isa = PBXFileReference; fileEncoding = 4; lastKnownFileType = sourcecode.c.h; path = PERectangle.h; sourceTree = "<group>"; };
/* End PBXFileReference section */

/* Begin PBXFrameworksBuildPhase section */
		7C0B95C216AC50A600BF8D91 /* Frameworks */ = {
			isa = PBXFrameworksBuildPhase;
			buildActionMask = 2147483647;
			files = (
				7C0B95CA16AC50A600BF8D91 /* Foundation.framework in Frameworks */,
			);
			runOnlyForDeploymentPostprocessing = 0;
		};
/* End PBXFrameworksBuildPhase section */

/* Begin PBXGroup section */
		7C0B95BA16AC50A600BF8D91 = {
			isa = PBXGroup;
			children = (
				7C0B95CB16AC50A600BF8D91 /* Overlaps */,
				7C0B95C816AC50A600BF8D91 /* Frameworks */,
				7C0B95C616AC50A600BF8D91 /* Products */,
			);
			sourceTree = "<group>";
		};
		7C0B95C616AC50A600BF8D91 /* Products */ = {
			isa = PBXGroup;
			children = (
				7C0B95C516AC50A600BF8D91 /* Overlaps */,
			);
			name = Products;
			sourceTree = "<group>";
		};
		7C0B95C816AC50A600BF8D91 /* Frameworks */ = {
			isa = PBXGroup;
			children = (
				7C0B95C916AC50A600BF8D91 /* Foundation.framework */,
			);
			name = Frameworks;
			sourceTree = "<group>";
		};
		7C0B95CB16AC50A600BF8D91 /* Overlaps */ = {
			isa = PBXGroup;
			children = (
				7C0B95DC16AC50B600BF8D91 /* PERectangle.m */,
				7C0B95DD16AC50B600BF8D91 /* PEShape.h */,
				7C0B95DE16AC50B600BF8D91 /* Overlaps.m */,
				7C0B95DF16AC50B600BF8D91 /* PERectangle.h */,
				7C0B95D016AC50A600BF8D91 /* Overlaps.1 */,
				7C0B95CE16AC50A600BF8D91 /* Supporting Files */,
			);
			path = Overlaps;
			sourceTree = "<group>";
		};
		7C0B95CE16AC50A600BF8D91 /* Supporting Files */ = {
			isa = PBXGroup;
			children = (
				7C0B95CF16AC50A600BF8D91 /* Overlaps-Prefix.pch */,
			);
			name = "Supporting Files";
			sourceTree = "<group>";
		};
/* End PBXGroup section */

/* Begin PBXNativeTarget section */
		7C0B95C416AC50A600BF8D91 /* Overlaps */ = {
			isa = PBXNativeTarget;
			buildConfigurationList = 7C0B95D416AC50A600BF8D91 /* Build configuration list for PBXNativeTarget "Overlaps" */;
			buildPhases = (
				7C0B95C116AC50A600BF8D91 /* Sources */,
				7C0B95C216AC50A600BF8D91 /* Frameworks */,
				7C0B95C316AC50A600BF8D91 /* CopyFiles */,
			);
			buildRules = (
			);
			dependencies = (
			);
			name = Overlaps;
			productName = Overlaps;
			productReference = 7C0B95C516AC50A600BF8D91 /* Overlaps */;
			productType = "com.apple.product-type.tool";
		};
/* End PBXNativeTarget section */

/* Begin PBXProject section */
		7C0B95BC16AC50A600BF8D91 /* Project object */ = {
			isa = PBXProject;
			attributes = {
				LastUpgradeCheck = 0450;
				ORGANIZATIONNAME = nus.cs3217;
			};
			buildConfigurationList = 7C0B95BF16AC50A600BF8D91 /* Build configuration list for PBXProject "Overlaps" */;
			compatibilityVersion = "Xcode 3.2";
			developmentRegion = English;
			hasScannedForEncodings = 0;
			knownRegions = (
				en,
			);
			mainGroup = 7C0B95BA16AC50A600BF8D91;
			productRefGroup = 7C0B95C616AC50A600BF8D91 /* Products */;
			projectDirPath = "";
			projectRoot = "";
			targets = (
				7C0B95C416AC50A600BF8D91 /* Overlaps */,
			);
		};
/* End PBXProject section */

/* Begin PBXSourcesBuildPhase section */
		7C0B95C116AC50A600BF8D91 /* Sources */ = {
			isa = PBXSourcesBuildPhase;
			buildActionMask = 2147483647;
			files = (
				7C0B95E016AC50B600BF8D91 /* PERectangle.m in Sources */,
				7C0B95E116AC50B600BF8D91 /* Overlaps.m in Sources */,
			);
			runOnlyForDeploymentPostprocessing = 0;
		};
/* End PBXSourcesBuildPhase section */

/* Begin XCBuildConfiguration section */
		7C0B95D216AC50A600BF8D91 /* Debug */ = {
			isa = XCBuildConfiguration;
			buildSettings = {
				ALWAYS_SEARCH_USER_PATHS = NO;
				ARCHS = "$(ARCHS_STANDARD_64_BIT)";
				CLANG_CXX_LANGUAGE_STANDARD = "gnu++0x";
				CLANG_CXX_LIBRARY = "libc++";
				CLANG_WARN_EMPTY_BODY = YES;
				CLANG_WARN__DUPLICATE_METHOD_MATCH = YES;
				COPY_PHASE_STRIP = NO;
				GCC_C_LANGUAGE_STANDARD = gnu99;
				GCC_DYNAMIC_NO_PIC = NO;
				GCC_ENABLE_OBJC_EXCEPTIONS = YES;
				GCC_OPTIMIZATION_LEVEL = 0;
				GCC_PREPROCESSOR_DEFINITIONS = (
					"DEBUG=1",
					"$(inherited)",
				);
				GCC_SYMBOLS_PRIVATE_EXTERN = NO;
				GCC_WARN_64_TO_32_BIT_CONVERSION = YES;
				GCC_WARN_ABOUT_RETURN_TYPE = YES;
				GCC_WARN_UNINITIALIZED_AUTOS = YES;
				GCC_WARN_UNUSED_VARIABLE = YES;
				MACOSX_DEPLOYMENT_TARGET = 10.7;
				ONLY_ACTIVE_ARCH = YES;
				SDKROOT = macosx;
			};
			name = Debug;
		};
		7C0B95D316AC50A600BF8D91 /* Release */ = {
			isa = XCBuildConfiguration;
			buildSettings = {
				ALWAYS_SEARCH_USER_PATHS = NO;
				ARCHS = "$(ARCHS_STANDARD_64_BIT)";
				CLANG_CXX_LANGUAGE_STANDARD = "gnu++0x";
				CLANG_CXX_LIBRARY = "libc++";
				CLANG_WARN_EMPTY_BODY = YES;
				CLANG_WARN__DUPLICATE_METHOD_MATCH = YES;
				COPY_PHASE_STRIP = YES;
				DEBUG_INFORMATION_FORMAT = "dwarf-with-dsym";
				GCC_C_LANGUAGE_STANDARD = gnu99;
				GCC_ENABLE_OBJC_EXCEPTIONS = YES;
				GCC_WARN_64_TO_32_BIT_CONVERSION = YES;
				GCC_WARN_ABOUT_RETURN_TYPE = YES;
				GCC_WARN_UNINITIALIZED_AUTOS = YES;
				GCC_WARN_UNUSED_VARIABLE = YES;
				MACOSX_DEPLOYMENT_TARGET = 10.7;
				SDKROOT = macosx;
			};
			name = Release;
		};
		7C0B95D516AC50A600BF8D91 /* Debug */ = {
			isa = XCBuildConfiguration;
			buildSettings = {
				GCC_PRECOMPILE_PREFIX_HEADER = YES;
				GCC_PREFIX_HEADER = "Overlaps/Overlaps-Prefix.pch";
				PRODUCT_NAME = "$(TARGET_NAME)";
			};
			name = Debug;
		};
		7C0B95D616AC50A600BF8D91 /* Release */ = {
			isa = XCBuildConfiguration;
			buildSettings = {
				GCC_PRECOMPILE_PREFIX_HEADER = YES;
				GCC_PREFIX_HEADER = "Overlaps/Overlaps-Prefix.pch";
				PRODUCT_NAME = "$(TARGET_NAME)";
			};
			name = Release;
		};
/* End XCBuildConfiguration section */

/* Begin XCConfigurationList section */
		7C0B95BF16AC50A600BF8D91 /* Build configuration list for PBXProject "Overlaps" */ = {
			isa = XCConfigurationList;
			buildConfigurations = (
				7C0B95D216AC50A600BF8D91 /* Debug */,
				7C0B95D316AC50A600BF8D91 /* Release */,
			);
			defaultConfigurationIsVisible = 0;
			defaultConfigurationName = Release;
		};
		7C0B95D416AC50A600BF8D91 /* Build configuration list for PBXNativeTarget "Overlaps" */ = {
			isa = XCConfigurationList;
			buildConfigurations = (
				7C0B95D516AC50A600BF8D91 /* Debug */,
				7C0B95D616AC50A600BF8D91 /* Release */,
			);
			defaultConfigurationIsVisible = 0;
			defaultConfigurationName = Release;
		};
/* End XCConfigurationList section */
	};
	rootObject = 7C0B95BC16AC50A600BF8D91 /* Project object */;
}
